
Microsoft Visual Studio Solution File, Format Version 12.00
# Visual Studio Version 16
VisualStudioVersion = 16.0.30611.23
MinimumVisualStudioVersion = 10.0.40219.1
Project("{FAE04EC0-301F-11D3-BF4B-00C04F79EFBC}") = "WindowsFormsApp1", "WindowsFormsApp1\WindowsFormsApp1.csproj", "{146C5E1A-9E9F-42CD-AFBB-185973CC1A8C}"
EndProject
Global
	GlobalSection(SolutionConfigurationPlatforms) = preSolution
		Debug|Any CPU = Debug|Any CPU
		Release|Any CPU = Release|Any CPU
	EndGlobalSection
	GlobalSection(ProjectConfigurationPlatforms) = postSolution
		{146C5E1A-9E9F-42CD-AFBB-185973CC1A8C}.Debug|Any CPU.ActiveCfg = Debug|Any CPU
		{146C5E1A-9E9F-42CD-AFBB-185973CC1A8C}.Debug|Any CPU.Build.0 = Debug|Any CPU
		{146C5E1A-9E9F-42CD-AFBB-185973CC1A8C}.Release|Any CPU.ActiveCfg = Release|Any CPU
		{146C5E1A-9E9F-42CD-AFBB-185973CC1A8C}.Release|Any CPU.Build.0 = Release|Any CPU
	EndGlobalSection
	GlobalSection(SolutionProperties) = preSolution
		HideSolutionNode = FALSE
	EndGlobalSection
	GlobalSection(ExtensibilityGlobals) = postSolution
		SolutionGuid = {64765425-DF59-4350-8061-691E70004C83}
	EndGlobalSection
EndGlobal
